
Microsoft Visual Studio Solution File, Format Version 12.00
# Visual Studio Version 17
VisualStudioVersion = 17.6.33829.357
MinimumVisualStudioVersion = 10.0.40219.1
Project("{FAE04EC0-301F-11D3-BF4B-00C04F79EFBC}") = "Elevator.Challenge.Presentation", "Elevator.Challenge.Presentation\Elevator.Challenge.Presentation.csproj", "{2C84AD02-FCDF-41D1-8CB7-50F8FC2CF756}"
EndProject
Global
	GlobalSection(SolutionConfigurationPlatforms) = preSolution
		Debug|Any CPU = Debug|Any CPU
		Release|Any CPU = Release|Any CPU
	EndGlobalSection
	GlobalSection(ProjectConfigurationPlatforms) = postSolution
		{2C84AD02-FCDF-41D1-8CB7-50F8FC2CF756}.Debug|Any CPU.ActiveCfg = Debug|Any CPU
		{2C84AD02-FCDF-41D1-8CB7-50F8FC2CF756}.Debug|Any CPU.Build.0 = Debug|Any CPU
		{2C84AD02-FCDF-41D1-8CB7-50F8FC2CF756}.Release|Any CPU.ActiveCfg = Release|Any CPU
		{2C84AD02-FCDF-41D1-8CB7-50F8FC2CF756}.Release|Any CPU.Build.0 = Release|Any CPU
	EndGlobalSection
	GlobalSection(SolutionProperties) = preSolution
		HideSolutionNode = FALSE
	EndGlobalSection
	GlobalSection(ExtensibilityGlobals) = postSolution
		SolutionGuid = {CEDB0F9A-CACA-4E29-B87D-3C4A89991F25}
	EndGlobalSection
EndGlobal
